
Microsoft Visual Studio Solution File, Format Version 12.00
# Visual Studio Version 17
VisualStudioVersion = 17.5.33627.172
MinimumVisualStudioVersion = 10.0.40219.1
Project("{FAE04EC0-301F-11D3-BF4B-00C04F79EFBC}") = "BIT706-A2-PartA", "BIT706-A2-PartA\BIT706-A2-PartA.csproj", "{615DD6E9-A36A-4A79-9C78-1A70DD54C8BA}"
EndProject
Global
	GlobalSection(SolutionConfigurationPlatforms) = preSolution
		Debug|Any CPU = Debug|Any CPU
		Release|Any CPU = Release|Any CPU
	EndGlobalSection
	GlobalSection(ProjectConfigurationPlatforms) = postSolution
		{615DD6E9-A36A-4A79-9C78-1A70DD54C8BA}.Debug|Any CPU.ActiveCfg = Debug|Any CPU
		{615DD6E9-A36A-4A79-9C78-1A70DD54C8BA}.Debug|Any CPU.Build.0 = Debug|Any CPU
		{615DD6E9-A36A-4A79-9C78-1A70DD54C8BA}.Release|Any CPU.ActiveCfg = Release|Any CPU
		{615DD6E9-A36A-4A79-9C78-1A70DD54C8BA}.Release|Any CPU.Build.0 = Release|Any CPU
	EndGlobalSection
	GlobalSection(SolutionProperties) = preSolution
		HideSolutionNode = FALSE
	EndGlobalSection
	GlobalSection(ExtensibilityGlobals) = postSolution
		SolutionGuid = {97DD938D-7DFD-4C3C-AC2A-229626A54F09}
	EndGlobalSection
EndGlobal
